
Microsoft Visual Studio Solution File, Format Version 11.00
# Visual Studio 2010
Project("{2150E333-8FDC-42A3-9474-1A3956D46DE8}") = "Solution Items", "Solution Items", "{C0A8BDDE-A89F-4341-8912-A7C05E5CC25F}"
EndProject
Project("{2150E333-8FDC-42A3-9474-1A3956D46DE8}") = "Build Package", "Build Package", "{0F945291-F264-44AF-9C6A-B1BB0B9E785E}"
	ProjectSection(SolutionItems) = preProject
		Build\package.build.cmd = Build\package.build.cmd
		Build\package.build.xml = Build\package.build.xml
		Build\package.xml = Build\package.xml
		Build\readme.txt = Build\readme.txt
	EndProjectSection
EndProject
Project("{2150E333-8FDC-42A3-9474-1A3956D46DE8}") = "Umbraco Assemblies", "Umbraco Assemblies", "{04F1C33F-EF3D-4F85-90B6-D258F06752D7}"
EndProject
Project("{FAE04EC0-301F-11D3-BF4B-00C04F79EFBC}") = "Our.Umbraco.DataType.OpenGraph", "Src\Our.Umbraco.DataType.OpenGraph\Our.Umbraco.DataType.OpenGraph.csproj", "{E91D68DC-B9F1-4055-8CD3-CA5266AAAEDB}"
EndProject
Project("{2150E333-8FDC-42A3-9474-1A3956D46DE8}") = "NuGet", "NuGet", "{36B1CDB4-0459-4FBD-861A-F6A3329242CC}"
	ProjectSection(SolutionItems) = preProject
		Tools\NuGet\NuGet.Config = Tools\NuGet\NuGet.Config
		Tools\NuGet\NuGet.exe = Tools\NuGet\NuGet.exe
		Tools\NuGet\NuGet.targets = Tools\NuGet\NuGet.targets
	EndProjectSection
EndProject
Global
	GlobalSection(SolutionConfigurationPlatforms) = preSolution
		Debug|Any CPU = Debug|Any CPU
		Release|Any CPU = Release|Any CPU
	EndGlobalSection
	GlobalSection(ProjectConfigurationPlatforms) = postSolution
		{E91D68DC-B9F1-4055-8CD3-CA5266AAAEDB}.Debug|Any CPU.ActiveCfg = Debug|Any CPU
		{E91D68DC-B9F1-4055-8CD3-CA5266AAAEDB}.Debug|Any CPU.Build.0 = Debug|Any CPU
		{E91D68DC-B9F1-4055-8CD3-CA5266AAAEDB}.Release|Any CPU.ActiveCfg = Release|Any CPU
		{E91D68DC-B9F1-4055-8CD3-CA5266AAAEDB}.Release|Any CPU.Build.0 = Release|Any CPU
	EndGlobalSection
	GlobalSection(SolutionProperties) = preSolution
		HideSolutionNode = FALSE
	EndGlobalSection
	GlobalSection(NestedProjects) = preSolution
		{0F945291-F264-44AF-9C6A-B1BB0B9E785E} = {C0A8BDDE-A89F-4341-8912-A7C05E5CC25F}
		{04F1C33F-EF3D-4F85-90B6-D258F06752D7} = {C0A8BDDE-A89F-4341-8912-A7C05E5CC25F}
		{36B1CDB4-0459-4FBD-861A-F6A3329242CC} = {C0A8BDDE-A89F-4341-8912-A7C05E5CC25F}
	EndGlobalSection
EndGlobal
